// !$*UTF8*$!
{
	archiveVersion = 1;
	classes = {
	};
	objectVersion = 46;
	objects = {

/* Begin PBXBuildFile section */
		C6279BE42A7AA4C100460022 /* UIKit.framework in Frameworks */ = {isa = PBXBuildFile; fileRef = C6279BE32A7AA4C100460022 /* UIKit.framework */; };
		C6279BE62A7AA4C100460022 /* Foundation.framework in Frameworks */ = {isa = PBXBuildFile; fileRef = C6279BE52A7AA4C100460022 /* Foundation.framework */; };
		C6279BE82A7AA4C100460022 /* CoreGraphics.framework in Frameworks */ = {isa = PBXBuildFile; fileRef = C6279BE72A7AA4C100460022 /* CoreGraphics.framework */; };
		C6279BEE2A7AA4C100460022 /* InfoPlist.strings in Resources */ = {isa = PBXBuildFile; fileRef = C6279BEC2A7AA4C100460022 /* InfoPlist.strings */; };
		C6279BF02A7AA4C100460022 /* main.m in Sources */ = {isa = PBXBuildFile; fileRef = C6279BEF2A7AA4C100460022 /* main.m */; };
		C6279BF42A7AA4C200460022 /* AppDelegate.m in Sources */ = {isa = PBXBuildFile; fileRef = C6279BF32A7AA4C200460022 /* AppDelegate.m */; };
		C6279BF62A7AA4C200460022 /* Default.png in Resources */ = {isa = PBXBuildFile; fileRef = C6279BF52A7AA4C200460022 /* Default.png */; };
		C6279BF82A7AA4C200460022 /* Default@2x.png in Resources */ = {isa = PBXBuildFile; fileRef = C6279BF72A7AA4C200460022 /* Default@2x.png */; };
		C6279BFA2A7AA4C200460022 /* Default-568h@2x.png in Resources */ = {isa = PBXBuildFile; fileRef = C6279BF92A7AA4C200460022 /* Default-568h@2x.png */; };
		C6279BFD2A7AA4C200460022 /* MainStoryboard.storyboard in Resources */ = {isa = PBXBuildFile; fileRef = C6279BFB2A7AA4C200460022 /* MainStoryboard.storyboard */; };
		C6279C002A7AA4C200460022 /* ViewController.m in Sources */ = {isa = PBXBuildFile; fileRef = C6279BFF2A7AA4C200460022 /* ViewController.m */; };
		C6279C082A7AA4C200460022 /* SenTestingKit.framework in Frameworks */ = {isa = PBXBuildFile; fileRef = C6279C072A7AA4C200460022 /* SenTestingKit.framework */; };
		C6279C092A7AA4C200460022 /* UIKit.framework in Frameworks */ = {isa = PBXBuildFile; fileRef = C6279BE32A7AA4C100460022 /* UIKit.framework */; };
		C6279C0A2A7AA4C200460022 /* Foundation.framework in Frameworks */ = {isa = PBXBuildFile; fileRef = C6279BE52A7AA4C100460022 /* Foundation.framework */; };
		C6279C122A7AA4C200460022 /* InfoPlist.strings in Resources */ = {isa = PBXBuildFile; fileRef = C6279C102A7AA4C200460022 /* InfoPlist.strings */; };
		C6279C152A7AA4C200460022 /* KeybaggyTests.m in Sources */ = {isa = PBXBuildFile; fileRef = C6279C142A7AA4C200460022 /* KeybaggyTests.m */; };
		C69B66E32A7C019A00B98157 /* FixTheAppStoreViewController.m in Sources */ = {isa = PBXBuildFile; fileRef = C69B66E22A7C019A00B98157 /* FixTheAppStoreViewController.m */; };
/* End PBXBuildFile section */

/* Begin PBXContainerItemProxy section */
		C6279C0B2A7AA4C200460022 /* PBXContainerItemProxy */ = {
			isa = PBXContainerItemProxy;
			containerPortal = C6279BD82A7AA4C100460022 /* Project object */;
			proxyType = 1;
			remoteGlobalIDString = C6279BDF2A7AA4C100460022;
			remoteInfo = Keybaggy;
		};
/* End PBXContainerItemProxy section */

/* Begin PBXFileReference section */
		C6279BE02A7AA4C100460022 /* Keybaggy.app */ = {isa = PBXFileReference; explicitFileType = wrapper.application; includeInIndex = 0; path = Keybaggy.app; sourceTree = BUILT_PRODUCTS_DIR; };
		C6279BE32A7AA4C100460022 /* UIKit.framework */ = {isa = PBXFileReference; lastKnownFileType = wrapper.framework; name = UIKit.framework; path = System/Library/Frameworks/UIKit.framework; sourceTree = SDKROOT; };
		C6279BE52A7AA4C100460022 /* Foundation.framework */ = {isa = PBXFileReference; lastKnownFileType = wrapper.framework; name = Foundation.framework; path = System/Library/Frameworks/Foundation.framework; sourceTree = SDKROOT; };
		C6279BE72A7AA4C100460022 /* CoreGraphics.framework */ = {isa = PBXFileReference; lastKnownFileType = wrapper.framework; name = CoreGraphics.framework; path = System/Library/Frameworks/CoreGraphics.framework; sourceTree = SDKROOT; };
		C6279BEB2A7AA4C100460022 /* Keybaggy-Info.plist */ = {isa = PBXFileReference; lastKnownFileType = text.plist.xml; path = "Keybaggy-Info.plist"; sourceTree = "<group>"; };
		C6279BED2A7AA4C100460022 /* en */ = {isa = PBXFileReference; lastKnownFileType = text.plist.strings; name = en; path = en.lproj/InfoPlist.strings; sourceTree = "<group>"; };
		C6279BEF2A7AA4C100460022 /* main.m */ = {isa = PBXFileReference; lastKnownFileType = sourcecode.c.objc; path = main.m; sourceTree = "<group>"; };
		C6279BF12A7AA4C200460022 /* Keybaggy-Prefix.pch */ = {isa = PBXFileReference; lastKnownFileType = sourcecode.c.h; path = "Keybaggy-Prefix.pch"; sourceTree = "<group>"; };
		C6279BF22A7AA4C200460022 /* AppDelegate.h */ = {isa = PBXFileReference; lastKnownFileType = sourcecode.c.h; path = AppDelegate.h; sourceTree = "<group>"; };
		C6279BF32A7AA4C200460022 /* AppDelegate.m */ = {isa = PBXFileReference; lastKnownFileType = sourcecode.c.objc; path = AppDelegate.m; sourceTree = "<group>"; };
		C6279BF52A7AA4C200460022 /* Default.png */ = {isa = PBXFileReference; lastKnownFileType = image.png; path = Default.png; sourceTree = "<group>"; };
		C6279BF72A7AA4C200460022 /* Default@2x.png */ = {isa = PBXFileReference; lastKnownFileType = image.png; path = "Default@2x.png"; sourceTree = "<group>"; };
		C6279BF92A7AA4C200460022 /* Default-568h@2x.png */ = {isa = PBXFileReference; lastKnownFileType = image.png; path = "Default-568h@2x.png"; sourceTree = "<group>"; };
		C6279BFC2A7AA4C200460022 /* en */ = {isa = PBXFileReference; lastKnownFileType = file.storyboard; name = en; path = en.lproj/MainStoryboard.storyboard; sourceTree = "<group>"; };
		C6279BFE2A7AA4C200460022 /* ViewController.h */ = {isa = PBXFileReference; lastKnownFileType = sourcecode.c.h; path = ViewController.h; sourceTree = "<group>"; };
		C6279BFF2A7AA4C200460022 /* ViewController.m */ = {isa = PBXFileReference; lastKnownFileType = sourcecode.c.objc; path = ViewController.m; sourceTree = "<group>"; };
		C6279C062A7AA4C200460022 /* KeybaggyTests.octest */ = {isa = PBXFileReference; explicitFileType = wrapper.cfbundle; includeInIndex = 0; path = KeybaggyTests.octest; sourceTree = BUILT_PRODUCTS_DIR; };
		C6279C072A7AA4C200460022 /* SenTestingKit.framework */ = {isa = PBXFileReference; lastKnownFileType = wrapper.framework; name = SenTestingKit.framework; path = Library/Frameworks/SenTestingKit.framework; sourceTree = DEVELOPER_DIR; };
		C6279C0F2A7AA4C200460022 /* KeybaggyTests-Info.plist */ = {isa = PBXFileReference; lastKnownFileType = text.plist.xml; path = "KeybaggyTests-Info.plist"; sourceTree = "<group>"; };
		C6279C112A7AA4C200460022 /* en */ = {isa = PBXFileReference; lastKnownFileType = text.plist.strings; name = en; path = en.lproj/InfoPlist.strings; sourceTree = "<group>"; };
		C6279C132A7AA4C200460022 /* KeybaggyTests.h */ = {isa = PBXFileReference; lastKnownFileType = sourcecode.c.h; path = KeybaggyTests.h; sourceTree = "<group>"; };
		C6279C142A7AA4C200460022 /* KeybaggyTests.m */ = {isa = PBXFileReference; lastKnownFileType = sourcecode.c.objc; path = KeybaggyTests.m; sourceTree = "<group>"; };
		C69B66E12A7C019A00B98157 /* FixTheAppStoreViewController.h */ = {isa = PBXFileReference; fileEncoding = 4; lastKnownFileType = sourcecode.c.h; path = FixTheAppStoreViewController.h; sourceTree = "<group>"; };
		C69B66E22A7C019A00B98157 /* FixTheAppStoreViewController.m */ = {isa = PBXFileReference; fileEncoding = 4; lastKnownFileType = sourcecode.c.objc; path = FixTheAppStoreViewController.m; sourceTree = "<group>"; };
/* End PBXFileReference section */

/* Begin PBXFrameworksBuildPhase section */
		C6279BDD2A7AA4C100460022 /* Frameworks */ = {
			isa = PBXFrameworksBuildPhase;
			buildActionMask = 2147483647;
			files = (
				C6279BE42A7AA4C100460022 /* UIKit.framework in Frameworks */,
				C6279BE62A7AA4C100460022 /* Foundation.framework in Frameworks */,
				C6279BE82A7AA4C100460022 /* CoreGraphics.framework in Frameworks */,
			);
			runOnlyForDeploymentPostprocessing = 0;
		};
		C6279C022A7AA4C200460022 /* Frameworks */ = {
			isa = PBXFrameworksBuildPhase;
			buildActionMask = 2147483647;
			files = (
				C6279C082A7AA4C200460022 /* SenTestingKit.framework in Frameworks */,
				C6279C092A7AA4C200460022 /* UIKit.framework in Frameworks */,
				C6279C0A2A7AA4C200460022 /* Foundation.framework in Frameworks */,
			);
			runOnlyForDeploymentPostprocessing = 0;
		};
/* End PBXFrameworksBuildPhase section */

/* Begin PBXGroup section */
		C6279BD72A7AA4C100460022 = {
			isa = PBXGroup;
			children = (
				C6279BE92A7AA4C100460022 /* Keybaggy */,
				C6279C0D2A7AA4C200460022 /* KeybaggyTests */,
				C6279BE22A7AA4C100460022 /* Frameworks */,
				C6279BE12A7AA4C100460022 /* Products */,
			);
			sourceTree = "<group>";
		};
		C6279BE12A7AA4C100460022 /* Products */ = {
			isa = PBXGroup;
			children = (
				C6279BE02A7AA4C100460022 /* Keybaggy.app */,
				C6279C062A7AA4C200460022 /* KeybaggyTests.octest */,
			);
			name = Products;
			sourceTree = "<group>";
		};
		C6279BE22A7AA4C100460022 /* Frameworks */ = {
			isa = PBXGroup;
			children = (
				C6279BE32A7AA4C100460022 /* UIKit.framework */,
				C6279BE52A7AA4C100460022 /* Foundation.framework */,
				C6279BE72A7AA4C100460022 /* CoreGraphics.framework */,
				C6279C072A7AA4C200460022 /* SenTestingKit.framework */,
			);
			name = Frameworks;
			sourceTree = "<group>";
		};
		C6279BE92A7AA4C100460022 /* Keybaggy */ = {
			isa = PBXGroup;
			children = (
				C6279BF22A7AA4C200460022 /* AppDelegate.h */,
				C6279BF32A7AA4C200460022 /* AppDelegate.m */,
				C6279BFB2A7AA4C200460022 /* MainStoryboard.storyboard */,
				C6279BFE2A7AA4C200460022 /* ViewController.h */,
				C6279BFF2A7AA4C200460022 /* ViewController.m */,
				C6279BEA2A7AA4C100460022 /* Supporting Files */,
				C69B66E12A7C019A00B98157 /* FixTheAppStoreViewController.h */,
				C69B66E22A7C019A00B98157 /* FixTheAppStoreViewController.m */,
			);
			path = Keybaggy;
			sourceTree = "<group>";
		};
		C6279BEA2A7AA4C100460022 /* Supporting Files */ = {
			isa = PBXGroup;
			children = (
				C6279BEB2A7AA4C100460022 /* Keybaggy-Info.plist */,
				C6279BEC2A7AA4C100460022 /* InfoPlist.strings */,
				C6279BEF2A7AA4C100460022 /* main.m */,
				C6279BF12A7AA4C200460022 /* Keybaggy-Prefix.pch */,
				C6279BF52A7AA4C200460022 /* Default.png */,
				C6279BF72A7AA4C200460022 /* Default@2x.png */,
				C6279BF92A7AA4C200460022 /* Default-568h@2x.png */,
			);
			name = "Supporting Files";
			sourceTree = "<group>";
		};
		C6279C0D2A7AA4C200460022 /* KeybaggyTests */ = {
			isa = PBXGroup;
			children = (
				C6279C132A7AA4C200460022 /* KeybaggyTests.h */,
				C6279C142A7AA4C200460022 /* KeybaggyTests.m */,
				C6279C0E2A7AA4C200460022 /* Supporting Files */,
			);
			path = KeybaggyTests;
			sourceTree = "<group>";
		};
		C6279C0E2A7AA4C200460022 /* Supporting Files */ = {
			isa = PBXGroup;
			children = (
				C6279C0F2A7AA4C200460022 /* KeybaggyTests-Info.plist */,
				C6279C102A7AA4C200460022 /* InfoPlist.strings */,
			);
			name = "Supporting Files";
			sourceTree = "<group>";
		};
/* End PBXGroup section */

/* Begin PBXNativeTarget section */
		C6279BDF2A7AA4C100460022 /* Keybaggy */ = {
			isa = PBXNativeTarget;
			buildConfigurationList = C6279C182A7AA4C200460022 /* Build configuration list for PBXNativeTarget "Keybaggy" */;
			buildPhases = (
				C6279BDC2A7AA4C100460022 /* Sources */,
				C6279BDD2A7AA4C100460022 /* Frameworks */,
				C6279BDE2A7AA4C100460022 /* Resources */,
			);
			buildRules = (
			);
			dependencies = (
			);
			name = Keybaggy;
			productName = Keybaggy;
			productReference = C6279BE02A7AA4C100460022 /* Keybaggy.app */;
			productType = "com.apple.product-type.application";
		};
		C6279C052A7AA4C200460022 /* KeybaggyTests */ = {
			isa = PBXNativeTarget;
			buildConfigurationList = C6279C1B2A7AA4C200460022 /* Build configuration list for PBXNativeTarget "KeybaggyTests" */;
			buildPhases = (
				C6279C012A7AA4C200460022 /* Sources */,
				C6279C022A7AA4C200460022 /* Frameworks */,
				C6279C032A7AA4C200460022 /* Resources */,
				C6279C042A7AA4C200460022 /* ShellScript */,
			);
			buildRules = (
			);
			dependencies = (
				C6279C0C2A7AA4C200460022 /* PBXTargetDependency */,
			);
			name = KeybaggyTests;
			productName = KeybaggyTests;
			productReference = C6279C062A7AA4C200460022 /* KeybaggyTests.octest */;
			productType = "com.apple.product-type.bundle";
		};
/* End PBXNativeTarget section */

/* Begin PBXProject section */
		C6279BD82A7AA4C100460022 /* Project object */ = {
			isa = PBXProject;
			attributes = {
				LastUpgradeCheck = 0460;
				ORGANIZATIONNAME = Mali357;
			};
			buildConfigurationList = C6279BDB2A7AA4C100460022 /* Build configuration list for PBXProject "Keybaggy" */;
			compatibilityVersion = "Xcode 3.2";
			developmentRegion = English;
			hasScannedForEncodings = 0;
			knownRegions = (
				en,
			);
			mainGroup = C6279BD72A7AA4C100460022;
			productRefGroup = C6279BE12A7AA4C100460022 /* Products */;
			projectDirPath = "";
			projectRoot = "";
			targets = (
				C6279BDF2A7AA4C100460022 /* Keybaggy */,
				C6279C052A7AA4C200460022 /* KeybaggyTests */,
			);
		};
/* End PBXProject section */

/* Begin PBXResourcesBuildPhase section */
		C6279BDE2A7AA4C100460022 /* Resources */ = {
			isa = PBXResourcesBuildPhase;
			buildActionMask = 2147483647;
			files = (
				C6279BEE2A7AA4C100460022 /* InfoPlist.strings in Resources */,
				C6279BF62A7AA4C200460022 /* Default.png in Resources */,
				C6279BF82A7AA4C200460022 /* Default@2x.png in Resources */,
				C6279BFA2A7AA4C200460022 /* Default-568h@2x.png in Resources */,
				C6279BFD2A7AA4C200460022 /* MainStoryboard.storyboard in Resources */,
			);
			runOnlyForDeploymentPostprocessing = 0;
		};
		C6279C032A7AA4C200460022 /* Resources */ = {
			isa = PBXResourcesBuildPhase;
			buildActionMask = 2147483647;
			files = (
				C6279C122A7AA4C200460022 /* InfoPlist.strings in Resources */,
			);
			runOnlyForDeploymentPostprocessing = 0;
		};
/* End PBXResourcesBuildPhase section */

/* Begin PBXShellScriptBuildPhase section */
		C6279C042A7AA4C200460022 /* ShellScript */ = {
			isa = PBXShellScriptBuildPhase;
			buildActionMask = 2147483647;
			files = (
			);
			inputPaths = (
			);
			outputPaths = (
			);
			runOnlyForDeploymentPostprocessing = 0;
			shellPath = /bin/sh;
			shellScript = "# Run the unit tests in this test bundle.\n\"${SYSTEM_DEVELOPER_DIR}/Tools/RunUnitTests\"\n";
		};
/* End PBXShellScriptBuildPhase section */

/* Begin PBXSourcesBuildPhase section */
		C6279BDC2A7AA4C100460022 /* Sources */ = {
			isa = PBXSourcesBuildPhase;
			buildActionMask = 2147483647;
			files = (
				C6279BF02A7AA4C100460022 /* main.m in Sources */,
				C6279BF42A7AA4C200460022 /* AppDelegate.m in Sources */,
				C6279C002A7AA4C200460022 /* ViewController.m in Sources */,
				C69B66E32A7C019A00B98157 /* FixTheAppStoreViewController.m in Sources */,
			);
			runOnlyForDeploymentPostprocessing = 0;
		};
		C6279C012A7AA4C200460022 /* Sources */ = {
			isa = PBXSourcesBuildPhase;
			buildActionMask = 2147483647;
			files = (
				C6279C152A7AA4C200460022 /* KeybaggyTests.m in Sources */,
			);
			runOnlyForDeploymentPostprocessing = 0;
		};
/* End PBXSourcesBuildPhase section */

/* Begin PBXTargetDependency section */
		C6279C0C2A7AA4C200460022 /* PBXTargetDependency */ = {
			isa = PBXTargetDependency;
			target = C6279BDF2A7AA4C100460022 /* Keybaggy */;
			targetProxy = C6279C0B2A7AA4C200460022 /* PBXContainerItemProxy */;
		};
/* End PBXTargetDependency section */

/* Begin PBXVariantGroup section */
		C6279BEC2A7AA4C100460022 /* InfoPlist.strings */ = {
			isa = PBXVariantGroup;
			children = (
				C6279BED2A7AA4C100460022 /* en */,
			);
			name = InfoPlist.strings;
			sourceTree = "<group>";
		};
		C6279BFB2A7AA4C200460022 /* MainStoryboard.storyboard */ = {
			isa = PBXVariantGroup;
			children = (
				C6279BFC2A7AA4C200460022 /* en */,
			);
			name = MainStoryboard.storyboard;
			sourceTree = "<group>";
		};
		C6279C102A7AA4C200460022 /* InfoPlist.strings */ = {
			isa = PBXVariantGroup;
			children = (
				C6279C112A7AA4C200460022 /* en */,
			);
			name = InfoPlist.strings;
			sourceTree = "<group>";
		};
/* End PBXVariantGroup section */

/* Begin XCBuildConfiguration section */
		C6279C162A7AA4C200460022 /* Debug */ = {
			isa = XCBuildConfiguration;
			buildSettings = {
				ALWAYS_SEARCH_USER_PATHS = NO;
				CLANG_CXX_LANGUAGE_STANDARD = "gnu++0x";
				CLANG_CXX_LIBRARY = "libc++";
				CLANG_ENABLE_OBJC_ARC = YES;
				CLANG_WARN_CONSTANT_CONVERSION = YES;
				CLANG_WARN_EMPTY_BODY = YES;
				CLANG_WARN_ENUM_CONVERSION = YES;
				CLANG_WARN_INT_CONVERSION = YES;
				CLANG_WARN__DUPLICATE_METHOD_MATCH = YES;
				"CODE_SIGN_IDENTITY[sdk=iphoneos*]" = "iPhone Developer";
				COPY_PHASE_STRIP = NO;
				GCC_C_LANGUAGE_STANDARD = gnu99;
				GCC_DYNAMIC_NO_PIC = NO;
				GCC_OPTIMIZATION_LEVEL = 0;
				GCC_PREPROCESSOR_DEFINITIONS = (
					"DEBUG=1",
					"$(inherited)",
				);
				GCC_SYMBOLS_PRIVATE_EXTERN = NO;
				GCC_WARN_ABOUT_RETURN_TYPE = YES;
				GCC_WARN_UNINITIALIZED_AUTOS = YES;
				GCC_WARN_UNUSED_VARIABLE = YES;
				IPHONEOS_DEPLOYMENT_TARGET = 5.0;
				ONLY_ACTIVE_ARCH = NO;
				SDKROOT = iphoneos;
			};
			name = Debug;
		};
		C6279C172A7AA4C200460022 /* Release */ = {
			isa = XCBuildConfiguration;
			buildSettings = {
				ALWAYS_SEARCH_USER_PATHS = NO;
				CLANG_CXX_LANGUAGE_STANDARD = "gnu++0x";
				CLANG_CXX_LIBRARY = "libc++";
				CLANG_ENABLE_OBJC_ARC = YES;
				CLANG_WARN_CONSTANT_CONVERSION = YES;
				CLANG_WARN_EMPTY_BODY = YES;
				CLANG_WARN_ENUM_CONVERSION = YES;
				CLANG_WARN_INT_CONVERSION = YES;
				CLANG_WARN__DUPLICATE_METHOD_MATCH = YES;
				"CODE_SIGN_IDENTITY[sdk=iphoneos*]" = "iPhone Developer";
				COPY_PHASE_STRIP = YES;
				GCC_C_LANGUAGE_STANDARD = gnu99;
				GCC_WARN_ABOUT_RETURN_TYPE = YES;
				GCC_WARN_UNINITIALIZED_AUTOS = YES;
				GCC_WARN_UNUSED_VARIABLE = YES;
				IPHONEOS_DEPLOYMENT_TARGET = 5.0;
				OTHER_CFLAGS = "-DNS_BLOCK_ASSERTIONS=1";
				SDKROOT = iphoneos;
				VALIDATE_PRODUCT = YES;
			};
			name = Release;
		};
		C6279C192A7AA4C200460022 /* Debug */ = {
			isa = XCBuildConfiguration;
			buildSettings = {
				GCC_PRECOMPILE_PREFIX_HEADER = YES;
				GCC_PREFIX_HEADER = "Keybaggy/Keybaggy-Prefix.pch";
				INFOPLIST_FILE = "Keybaggy/Keybaggy-Info.plist";
				IPHONEOS_DEPLOYMENT_TARGET = 5.0;
				PRODUCT_NAME = "$(TARGET_NAME)";
				TARGETED_DEVICE_FAMILY = "1,2";
				WRAPPER_EXTENSION = app;
			};
			name = Debug;
		};
		C6279C1A2A7AA4C200460022 /* Release */ = {
			isa = XCBuildConfiguration;
			buildSettings = {
				GCC_PRECOMPILE_PREFIX_HEADER = YES;
				GCC_PREFIX_HEADER = "Keybaggy/Keybaggy-Prefix.pch";
				INFOPLIST_FILE = "Keybaggy/Keybaggy-Info.plist";
				IPHONEOS_DEPLOYMENT_TARGET = 5.0;
				PRODUCT_NAME = "$(TARGET_NAME)";
				TARGETED_DEVICE_FAMILY = "1,2";
				WRAPPER_EXTENSION = app;
			};
			name = Release;
		};
		C6279C1C2A7AA4C200460022 /* Debug */ = {
			isa = XCBuildConfiguration;
			buildSettings = {
				BUNDLE_LOADER = "$(BUILT_PRODUCTS_DIR)/Keybaggy.app/Keybaggy";
				FRAMEWORK_SEARCH_PATHS = (
					"\"$(SDKROOT)/Developer/Library/Frameworks\"",
					"\"$(DEVELOPER_LIBRARY_DIR)/Frameworks\"",
				);
				GCC_PRECOMPILE_PREFIX_HEADER = YES;
				GCC_PREFIX_HEADER = "Keybaggy/Keybaggy-Prefix.pch";
				INFOPLIST_FILE = "KeybaggyTests/KeybaggyTests-Info.plist";
				PRODUCT_NAME = "$(TARGET_NAME)";
				TEST_HOST = "$(BUNDLE_LOADER)";
				WRAPPER_EXTENSION = octest;
			};
			name = Debug;
		};
		C6279C1D2A7AA4C200460022 /* Release */ = {
			isa = XCBuildConfiguration;
			buildSettings = {
				BUNDLE_LOADER = "$(BUILT_PRODUCTS_DIR)/Keybaggy.app/Keybaggy";
				FRAMEWORK_SEARCH_PATHS = (
					"\"$(SDKROOT)/Developer/Library/Frameworks\"",
					"\"$(DEVELOPER_LIBRARY_DIR)/Frameworks\"",
				);
				GCC_PRECOMPILE_PREFIX_HEADER = YES;
				GCC_PREFIX_HEADER = "Keybaggy/Keybaggy-Prefix.pch";
				INFOPLIST_FILE = "KeybaggyTests/KeybaggyTests-Info.plist";
				PRODUCT_NAME = "$(TARGET_NAME)";
				TEST_HOST = "$(BUNDLE_LOADER)";
				WRAPPER_EXTENSION = octest;
			};
			name = Release;
		};
/* End XCBuildConfiguration section */

/* Begin XCConfigurationList section */
		C6279BDB2A7AA4C100460022 /* Build configuration list for PBXProject "Keybaggy" */ = {
			isa = XCConfigurationList;
			buildConfigurations = (
				C6279C162A7AA4C200460022 /* Debug */,
				C6279C172A7AA4C200460022 /* Release */,
			);
			defaultConfigurationIsVisible = 0;
			defaultConfigurationName = Release;
		};
		C6279C182A7AA4C200460022 /* Build configuration list for PBXNativeTarget "Keybaggy" */ = {
			isa = XCConfigurationList;
			buildConfigurations = (
				C6279C192A7AA4C200460022 /* Debug */,
				C6279C1A2A7AA4C200460022 /* Release */,
			);
			defaultConfigurationIsVisible = 0;
			defaultConfigurationName = Release;
		};
		C6279C1B2A7AA4C200460022 /* Build configuration list for PBXNativeTarget "KeybaggyTests" */ = {
			isa = XCConfigurationList;
			buildConfigurations = (
				C6279C1C2A7AA4C200460022 /* Debug */,
				C6279C1D2A7AA4C200460022 /* Release */,
			);
			defaultConfigurationIsVisible = 0;
			defaultConfigurationName = Release;
		};
/* End XCConfigurationList section */
	};
	rootObject = C6279BD82A7AA4C100460022 /* Project object */;
}
